// !$*UTF8*$!
{
	archiveVersion = 1;
	classes = {
	};
	objectVersion = 46;
	objects = {

/* Begin PBXBuildFile section */
		534049431EF9EC39008B13EE /* AppDelegate.swift in Sources */ = {isa = PBXBuildFile; fileRef = 534049421EF9EC39008B13EE /* AppDelegate.swift */; };
		534049481EF9EC39008B13EE /* Main.storyboard in Resources */ = {isa = PBXBuildFile; fileRef = 534049461EF9EC39008B13EE /* Main.storyboard */; };
		5340494A1EF9EC39008B13EE /* Assets.xcassets in Resources */ = {isa = PBXBuildFile; fileRef = 534049491EF9EC39008B13EE /* Assets.xcassets */; };
		5340494D1EF9EC39008B13EE /* LaunchScreen.storyboard in Resources */ = {isa = PBXBuildFile; fileRef = 5340494B1EF9EC39008B13EE /* LaunchScreen.storyboard */; };
		534049551EF9EE8F008B13EE /* ViewController.swift in Sources */ = {isa = PBXBuildFile; fileRef = 534049541EF9EE8F008B13EE /* ViewController.swift */; };
/* End PBXBuildFile section */

/* Begin PBXFileReference section */
		5340493F1EF9EC39008B13EE /* Choose Your Own Adventure.app */ = {isa = PBXFileReference; explicitFileType = wrapper.application; includeInIndex = 0; path = "Choose Your Own Adventure.app"; sourceTree = BUILT_PRODUCTS_DIR; };
		534049421EF9EC39008B13EE /* AppDelegate.swift */ = {isa = PBXFileReference; lastKnownFileType = sourcecode.swift; path = AppDelegate.swift; sourceTree = "<group>"; };
		534049471EF9EC39008B13EE /* Base */ = {isa = PBXFileReference; lastKnownFileType = file.storyboard; name = Base; path = Base.lproj/Main.storyboard; sourceTree = "<group>"; };
		534049491EF9EC39008B13EE /* Assets.xcassets */ = {isa = PBXFileReference; lastKnownFileType = folder.assetcatalog; path = Assets.xcassets; sourceTree = "<group>"; };
		5340494C1EF9EC39008B13EE /* Base */ = {isa = PBXFileReference; lastKnownFileType = file.storyboard; name = Base; path = Base.lproj/LaunchScreen.storyboard; sourceTree = "<group>"; };
		5340494E1EF9EC39008B13EE /* Info.plist */ = {isa = PBXFileReference; lastKnownFileType = text.plist.xml; path = Info.plist; sourceTree = "<group>"; };
		534049541EF9EE8F008B13EE /* ViewController.swift */ = {isa = PBXFileReference; fileEncoding = 4; lastKnownFileType = sourcecode.swift; path = ViewController.swift; sourceTree = "<group>"; };
/* End PBXFileReference section */

/* Begin PBXFrameworksBuildPhase section */
		5340493C1EF9EC39008B13EE /* Frameworks */ = {
			isa = PBXFrameworksBuildPhase;
			buildActionMask = 2147483647;
			files = (
			);
			runOnlyForDeploymentPostprocessing = 0;
		};
/* End PBXFrameworksBuildPhase section */

/* Begin PBXGroup section */
		534049361EF9EC39008B13EE = {
			isa = PBXGroup;
			children = (
				534049411EF9EC39008B13EE /* Choose Your Own Adventure */,
				534049401EF9EC39008B13EE /* Products */,
			);
			sourceTree = "<group>";
		};
		534049401EF9EC39008B13EE /* Products */ = {
			isa = PBXGroup;
			children = (
				5340493F1EF9EC39008B13EE /* Choose Your Own Adventure.app */,
			);
			name = Products;
			sourceTree = "<group>";
		};
		534049411EF9EC39008B13EE /* Choose Your Own Adventure */ = {
			isa = PBXGroup;
			children = (
				534049421EF9EC39008B13EE /* AppDelegate.swift */,
				534049461EF9EC39008B13EE /* Main.storyboard */,
				534049491EF9EC39008B13EE /* Assets.xcassets */,
				5340494B1EF9EC39008B13EE /* LaunchScreen.storyboard */,
				5340494E1EF9EC39008B13EE /* Info.plist */,
				534049541EF9EE8F008B13EE /* ViewController.swift */,
			);
			path = "Choose Your Own Adventure";
			sourceTree = "<group>";
		};
/* End PBXGroup section */

/* Begin PBXNativeTarget section */
		5340493E1EF9EC39008B13EE /* Choose Your Own Adventure */ = {
			isa = PBXNativeTarget;
			buildConfigurationList = 534049511EF9EC39008B13EE /* Build configuration list for PBXNativeTarget "Choose Your Own Adventure" */;
			buildPhases = (
				5340493B1EF9EC39008B13EE /* Sources */,
				5340493C1EF9EC39008B13EE /* Frameworks */,
				5340493D1EF9EC39008B13EE /* Resources */,
			);
			buildRules = (
			);
			dependencies = (
			);
			name = "Choose Your Own Adventure";
			productName = "Choose Your Own Adventure";
			productReference = 5340493F1EF9EC39008B13EE /* Choose Your Own Adventure.app */;
			productType = "com.apple.product-type.application";
		};
/* End PBXNativeTarget section */

/* Begin PBXProject section */
		534049371EF9EC39008B13EE /* Project object */ = {
			isa = PBXProject;
			attributes = {
				LastSwiftUpdateCheck = 0830;
				LastUpgradeCheck = 0830;
				ORGANIZATIONNAME = "Erik Mikac";
				TargetAttributes = {
					5340493E1EF9EC39008B13EE = {
						CreatedOnToolsVersion = 8.3.2;
						ProvisioningStyle = Automatic;
					};
				};
			};
			buildConfigurationList = 5340493A1EF9EC39008B13EE /* Build configuration list for PBXProject "Choose Your Own Adventure" */;
			compatibilityVersion = "Xcode 3.2";
			developmentRegion = English;
			hasScannedForEncodings = 0;
			knownRegions = (
				en,
				Base,
			);
			mainGroup = 534049361EF9EC39008B13EE;
			productRefGroup = 534049401EF9EC39008B13EE /* Products */;
			projectDirPath = "";
			projectRoot = "";
			targets = (
				5340493E1EF9EC39008B13EE /* Choose Your Own Adventure */,
			);
		};
/* End PBXProject section */

/* Begin PBXResourcesBuildPhase section */
		5340493D1EF9EC39008B13EE /* Resources */ = {
			isa = PBXResourcesBuildPhase;
			buildActionMask = 2147483647;
			files = (
				5340494D1EF9EC39008B13EE /* LaunchScreen.storyboard in Resources */,
				5340494A1EF9EC39008B13EE /* Assets.xcassets in Resources */,
				534049481EF9EC39008B13EE /* Main.storyboard in Resources */,
			);
			runOnlyForDeploymentPostprocessing = 0;
		};
/* End PBXResourcesBuildPhase section */

/* Begin PBXSourcesBuildPhase section */
		5340493B1EF9EC39008B13EE /* Sources */ = {
			isa = PBXSourcesBuildPhase;
			buildActionMask = 2147483647;
			files = (
				534049551EF9EE8F008B13EE /* ViewController.swift in Sources */,
				534049431EF9EC39008B13EE /* AppDelegate.swift in Sources */,
			);
			runOnlyForDeploymentPostprocessing = 0;
		};
/* End PBXSourcesBuildPhase section */

/* Begin PBXVariantGroup section */
		534049461EF9EC39008B13EE /* Main.storyboard */ = {
			isa = PBXVariantGroup;
			children = (
				534049471EF9EC39008B13EE /* Base */,
			);
			name = Main.storyboard;
			sourceTree = "<group>";
		};
		5340494B1EF9EC39008B13EE /* LaunchScreen.storyboard */ = {
			isa = PBXVariantGroup;
			children = (
				5340494C1EF9EC39008B13EE /* Base */,
			);
			name = LaunchScreen.storyboard;
			sourceTree = "<group>";
		};
/* End PBXVariantGroup section */

/* Begin XCBuildConfiguration section */
		5340494F1EF9EC39008B13EE /* Debug */ = {
			isa = XCBuildConfiguration;
			buildSettings = {
				ALWAYS_SEARCH_USER_PATHS = NO;
				CLANG_ANALYZER_NONNULL = YES;
				CLANG_ANALYZER_NUMBER_OBJECT_CONVERSION = YES_AGGRESSIVE;
				CLANG_CXX_LANGUAGE_STANDARD = "gnu++0x";
				CLANG_CXX_LIBRARY = "libc++";
				CLANG_ENABLE_MODULES = YES;
				CLANG_ENABLE_OBJC_ARC = YES;
				CLANG_WARN_BOOL_CONVERSION = YES;
				CLANG_WARN_CONSTANT_CONVERSION = YES;
				CLANG_WARN_DIRECT_OBJC_ISA_USAGE = YES_ERROR;
				CLANG_WARN_DOCUMENTATION_COMMENTS = YES;
				CLANG_WARN_EMPTY_BODY = YES;
				CLANG_WARN_ENUM_CONVERSION = YES;
				CLANG_WARN_INFINITE_RECURSION = YES;
				CLANG_WARN_INT_CONVERSION = YES;
				CLANG_WARN_OBJC_ROOT_CLASS = YES_ERROR;
				CLANG_WARN_SUSPICIOUS_MOVE = YES;
				CLANG_WARN_UNREACHABLE_CODE = YES;
				CLANG_WARN__DUPLICATE_METHOD_MATCH = YES;
				"CODE_SIGN_IDENTITY[sdk=iphoneos*]" = "iPhone Developer";
				COPY_PHASE_STRIP = NO;
				DEBUG_INFORMATION_FORMAT = dwarf;
				ENABLE_STRICT_OBJC_MSGSEND = YES;
				ENABLE_TESTABILITY = YES;
				GCC_C_LANGUAGE_STANDARD = gnu99;
				GCC_DYNAMIC_NO_PIC = NO;
				GCC_NO_COMMON_BLOCKS = YES;
				GCC_OPTIMIZATION_LEVEL = 0;
				GCC_PREPROCESSOR_DEFINITIONS = (
					"DEBUG=1",
					"$(inherited)",
				);
				GCC_WARN_64_TO_32_BIT_CONVERSION = YES;
				GCC_WARN_ABOUT_RETURN_TYPE = YES_ERROR;
				GCC_WARN_UNDECLARED_SELECTOR = YES;
				GCC_WARN_UNINITIALIZED_AUTOS = YES_AGGRESSIVE;
				GCC_WARN_UNUSED_FUNCTION = YES;
				GCC_WARN_UNUSED_VARIABLE = YES;
				IPHONEOS_DEPLOYMENT_TARGET = 10.3;
				MTL_ENABLE_DEBUG_INFO = YES;
				ONLY_ACTIVE_ARCH = YES;
				SDKROOT = iphoneos;
				SWIFT_ACTIVE_COMPILATION_CONDITIONS = DEBUG;
				SWIFT_OPTIMIZATION_LEVEL = "-Onone";
				TARGETED_DEVICE_FAMILY = "1,2";
			};
			name = Debug;
		};
		534049501EF9EC39008B13EE /* Release */ = {
			isa = XCBuildConfiguration;
			buildSettings = {
				ALWAYS_SEARCH_USER_PATHS = NO;
				CLANG_ANALYZER_NONNULL = YES;
				CLANG_ANALYZER_NUMBER_OBJECT_CONVERSION = YES_AGGRESSIVE;
				CLANG_CXX_LANGUAGE_STANDARD = "gnu++0x";
				CLANG_CXX_LIBRARY = "libc++";
				CLANG_ENABLE_MODULES = YES;
				CLANG_ENABLE_OBJC_ARC = YES;
				CLANG_WARN_BOOL_CONVERSION = YES;
				CLANG_WARN_CONSTANT_CONVERSION = YES;
				CLANG_WARN_DIRECT_OBJC_ISA_USAGE = YES_ERROR;
				CLANG_WARN_DOCUMENTATION_COMMENTS = YES;
				CLANG_WARN_EMPTY_BODY = YES;
				CLANG_WARN_ENUM_CONVERSION = YES;
				CLANG_WARN_INFINITE_RECURSION = YES;
				CLANG_WARN_INT_CONVERSION = YES;
				CLANG_WARN_OBJC_ROOT_CLASS = YES_ERROR;
				CLANG_WARN_SUSPICIOUS_MOVE = YES;
				CLANG_WARN_UNREACHABLE_CODE = YES;
				CLANG_WARN__DUPLICATE_METHOD_MATCH = YES;
				"CODE_SIGN_IDENTITY[sdk=iphoneos*]" = "iPhone Developer";
				COPY_PHASE_STRIP = NO;
				DEBUG_INFORMATION_FORMAT = "dwarf-with-dsym";
				ENABLE_NS_ASSERTIONS = NO;
				ENABLE_STRICT_OBJC_MSGSEND = YES;
				GCC_C_LANGUAGE_STANDARD = gnu99;
				GCC_NO_COMMON_BLOCKS = YES;
				GCC_WARN_64_TO_32_BIT_CONVERSION = YES;
				GCC_WARN_ABOUT_RETURN_TYPE = YES_ERROR;
				GCC_WARN_UNDECLARED_SELECTOR = YES;
				GCC_WARN_UNINITIALIZED_AUTOS = YES_AGGRESSIVE;
				GCC_WARN_UNUSED_FUNCTION = YES;
				GCC_WARN_UNUSED_VARIABLE = YES;
				IPHONEOS_DEPLOYMENT_TARGET = 10.3;
				MTL_ENABLE_DEBUG_INFO = NO;
				SDKROOT = iphoneos;
				SWIFT_OPTIMIZATION_LEVEL = "-Owholemodule";
				TARGETED_DEVICE_FAMILY = "1,2";
				VALIDATE_PRODUCT = YES;
			};
			name = Release;
		};
		534049521EF9EC39008B13EE /* Debug */ = {
			isa = XCBuildConfiguration;
			buildSettings = {
				ASSETCATALOG_COMPILER_APPICON_NAME = AppIcon;
				INFOPLIST_FILE = "Choose Your Own Adventure/Info.plist";
				LD_RUNPATH_SEARCH_PATHS = "$(inherited) @executable_path/Frameworks";
				PRODUCT_BUNDLE_IDENTIFIER = "Erik.Choose-Your-Own-Adventure";
				PRODUCT_NAME = "$(TARGET_NAME)";
				SWIFT_VERSION = 3.0;
			};
			name = Debug;
		};
		534049531EF9EC39008B13EE /* Release */ = {
			isa = XCBuildConfiguration;
			buildSettings = {
				ASSETCATALOG_COMPILER_APPICON_NAME = AppIcon;
				INFOPLIST_FILE = "Choose Your Own Adventure/Info.plist";
				LD_RUNPATH_SEARCH_PATHS = "$(inherited) @executable_path/Frameworks";
				PRODUCT_BUNDLE_IDENTIFIER = "Erik.Choose-Your-Own-Adventure";
				PRODUCT_NAME = "$(TARGET_NAME)";
				SWIFT_VERSION = 3.0;
			};
			name = Release;
		};
/* End XCBuildConfiguration section */

/* Begin XCConfigurationList section */
		5340493A1EF9EC39008B13EE /* Build configuration list for PBXProject "Choose Your Own Adventure" */ = {
			isa = XCConfigurationList;
			buildConfigurations = (
				5340494F1EF9EC39008B13EE /* Debug */,
				534049501EF9EC39008B13EE /* Release */,
			);
			defaultConfigurationIsVisible = 0;
			defaultConfigurationName = Release;
		};
		534049511EF9EC39008B13EE /* Build configuration list for PBXNativeTarget "Choose Your Own Adventure" */ = {
			isa = XCConfigurationList;
			buildConfigurations = (
				534049521EF9EC39008B13EE /* Debug */,
				534049531EF9EC39008B13EE /* Release */,
			);
			defaultConfigurationIsVisible = 0;
		};
/* End XCConfigurationList section */
	};
	rootObject = 534049371EF9EC39008B13EE /* Project object */;
}
